
Microsoft Visual Studio Solution File, Format Version 12.00
# Visual Studio Version 16
VisualStudioVersion = 16.0.30803.129
MinimumVisualStudioVersion = 10.0.40219.1
Project("{FAE04EC0-301F-11D3-BF4B-00C04F79EFBC}") = "GrpcService", "GrpcService\GrpcService.csproj", "{62C8DE3C-9E0F-4A06-8ADB-1EFEDFBFE13A}"
EndProject
Project("{FAE04EC0-301F-11D3-BF4B-00C04F79EFBC}") = "GrpcClient", "GrpcClient\GrpcClient.csproj", "{B10BD698-0C89-4C20-9CF5-8F8B89339202}"
EndProject
Global
	GlobalSection(SolutionConfigurationPlatforms) = preSolution
		Debug|Any CPU = Debug|Any CPU
		Release|Any CPU = Release|Any CPU
	EndGlobalSection
	GlobalSection(ProjectConfigurationPlatforms) = postSolution
		{62C8DE3C-9E0F-4A06-8ADB-1EFEDFBFE13A}.Debug|Any CPU.ActiveCfg = Debug|Any CPU
		{62C8DE3C-9E0F-4A06-8ADB-1EFEDFBFE13A}.Debug|Any CPU.Build.0 = Debug|Any CPU
		{62C8DE3C-9E0F-4A06-8ADB-1EFEDFBFE13A}.Release|Any CPU.ActiveCfg = Release|Any CPU
		{62C8DE3C-9E0F-4A06-8ADB-1EFEDFBFE13A}.Release|Any CPU.Build.0 = Release|Any CPU
		{B10BD698-0C89-4C20-9CF5-8F8B89339202}.Debug|Any CPU.ActiveCfg = Debug|Any CPU
		{B10BD698-0C89-4C20-9CF5-8F8B89339202}.Debug|Any CPU.Build.0 = Debug|Any CPU
		{B10BD698-0C89-4C20-9CF5-8F8B89339202}.Release|Any CPU.ActiveCfg = Release|Any CPU
		{B10BD698-0C89-4C20-9CF5-8F8B89339202}.Release|Any CPU.Build.0 = Release|Any CPU
	EndGlobalSection
	GlobalSection(SolutionProperties) = preSolution
		HideSolutionNode = FALSE
	EndGlobalSection
	GlobalSection(ExtensibilityGlobals) = postSolution
		SolutionGuid = {C0572370-90AC-432A-8FEF-0342D7010C44}
	EndGlobalSection
EndGlobal
